
Microsoft Visual Studio Solution File, Format Version 12.00
# Visual Studio Version 17
VisualStudioVersion = 17.0.31912.275
MinimumVisualStudioVersion = 10.0.40219.1
Project("{FAE04EC0-301F-11D3-BF4B-00C04F79EFBC}") = "DAA_Tracker", "DAA_Tracker\DAA_Tracker.csproj", "{A2C85ACB-14A6-41F1-AE43-16897F8B6AB1}"
EndProject
Global
	GlobalSection(SolutionConfigurationPlatforms) = preSolution
		Debug|Any CPU = Debug|Any CPU
		Release|Any CPU = Release|Any CPU
	EndGlobalSection
	GlobalSection(ProjectConfigurationPlatforms) = postSolution
		{A2C85ACB-14A6-41F1-AE43-16897F8B6AB1}.Debug|Any CPU.ActiveCfg = Debug|Any CPU
		{A2C85ACB-14A6-41F1-AE43-16897F8B6AB1}.Debug|Any CPU.Build.0 = Debug|Any CPU
		{A2C85ACB-14A6-41F1-AE43-16897F8B6AB1}.Release|Any CPU.ActiveCfg = Release|Any CPU
		{A2C85ACB-14A6-41F1-AE43-16897F8B6AB1}.Release|Any CPU.Build.0 = Release|Any CPU
	EndGlobalSection
	GlobalSection(SolutionProperties) = preSolution
		HideSolutionNode = FALSE
	EndGlobalSection
	GlobalSection(ExtensibilityGlobals) = postSolution
		SolutionGuid = {DF77AA05-190B-424A-B114-763E9E1D9C92}
	EndGlobalSection
EndGlobal
